
Microsoft Visual Studio Solution File, Format Version 12.00
# Visual Studio Version 17
VisualStudioVersion = 17.14.36518.9 d17.14
MinimumVisualStudioVersion = 10.0.40219.1
Project("{FAE04EC0-301F-11D3-BF4B-00C04F79EFBC}") = "SixteenSounds", "SixteenSounds\SixteenSounds.csproj", "{961A02C7-B9AB-4455-9153-D0BDE310B9A4}"
EndProject
Global
	GlobalSection(SolutionConfigurationPlatforms) = preSolution
		Debug|Any CPU = Debug|Any CPU
		Release|Any CPU = Release|Any CPU
	EndGlobalSection
	GlobalSection(ProjectConfigurationPlatforms) = postSolution
		{961A02C7-B9AB-4455-9153-D0BDE310B9A4}.Debug|Any CPU.ActiveCfg = Debug|Any CPU
		{961A02C7-B9AB-4455-9153-D0BDE310B9A4}.Debug|Any CPU.Build.0 = Debug|Any CPU
		{961A02C7-B9AB-4455-9153-D0BDE310B9A4}.Release|Any CPU.ActiveCfg = Release|Any CPU
		{961A02C7-B9AB-4455-9153-D0BDE310B9A4}.Release|Any CPU.Build.0 = Release|Any CPU
	EndGlobalSection
	GlobalSection(SolutionProperties) = preSolution
		HideSolutionNode = FALSE
	EndGlobalSection
	GlobalSection(ExtensibilityGlobals) = postSolution
		SolutionGuid = {D5216DC1-5429-4015-A1EC-09C520025F51}
	EndGlobalSection
EndGlobal
